
Microsoft Visual Studio Solution File, Format Version 12.00
# Visual Studio 15
VisualStudioVersion = 15.0.28307.852
MinimumVisualStudioVersion = 10.0.40219.1
Project("{888888A0-9F3D-457C-B088-3A5042F75D52}") = "PythonScraper", "PythonScraper\PythonScraper.pyproj", "{8E39B84E-39ED-401A-99FE-5EBD84178D3C}"
EndProject
Global
	GlobalSection(SolutionConfigurationPlatforms) = preSolution
		Debug|Any CPU = Debug|Any CPU
		Release|Any CPU = Release|Any CPU
	EndGlobalSection
	GlobalSection(ProjectConfigurationPlatforms) = postSolution
		{8E39B84E-39ED-401A-99FE-5EBD84178D3C}.Debug|Any CPU.ActiveCfg = Debug|Any CPU
		{8E39B84E-39ED-401A-99FE-5EBD84178D3C}.Release|Any CPU.ActiveCfg = Release|Any CPU
	EndGlobalSection
	GlobalSection(SolutionProperties) = preSolution
		HideSolutionNode = FALSE
	EndGlobalSection
	GlobalSection(ExtensibilityGlobals) = postSolution
		SolutionGuid = {348638D0-8A65-4C30-808F-1ABBD91FFA5A}
	EndGlobalSection
EndGlobal
